{
    "_readme": [
        "This file locks the dependencies of your project to a known state",
        "Read more about it at https://getcomposer.org/doc/01-basic-usage.md#installing-dependencies",
        "This file is @generated automatically"
    ],
    "content-hash": "3d9b2415a3393728e018e1a45a26e587",
    "packages": [
        {
            "name": "vaclavvanik/soap-interpreter",
            "version": "0.2.0",
            "source": {
                "type": "git",
                "url": "https://github.com/vaclavvanik/soap-interpreter.git",
                "reference": "a1efff966fe26b920dd40fe84c840ec0eb02d1bf"
            },
            "dist": {
                "type": "zip",
                "url": "https://api.github.com/repos/vaclavvanik/soap-interpreter/zipball/a1efff966fe26b920dd40fe84c840ec0eb02d1bf",
                "reference": "a1efff966fe26b920dd40fe84c840ec0eb02d1bf",
                "shasum": ""
            },
            "require": {
                "ext-soap": "*",
                "php": "^7.3 || ^8.0"
            },
            "type": "library",
            "extra": {
                "branch-alias": {
                    "dev-master": "0.2.x-dev"
                }
            },
            "autoload": {
                "psr-4": {
                    "VaclavVanik\\Soap\\Interpreter\\": "src/"
                }
            },
            "notification-url": "https://packagist.org/downloads/",
            "license": [
                "MIT"
            ],
            "authors": [
                {
                    "name": "Václav Vaník",
                    "email": "vaclav.vanik@gmail.com"
                }
            ],
            "description": "Interpreting of SOAP 1.1 and SOAP 1.2 messages",
            "homepage": "https://github.com/vaclavvanik/soap-interpreter",
            "keywords": [
                "request",
                "response",
                "soap",
                "wsdl"
            ],
            "support": {
                "issues": "https://github.com/vaclavvanik/soap-interpreter/issues",
                "source": "https://github.com/vaclavvanik/soap-interpreter/tree/0.2.0"
            },
            "time": "2021-12-08T12:53:36+00:00"
        },
        {
            "name": "vaclavvanik/soap-wsdl",
            "version": "0.1.0",
            "source": {
                "type": "git",
                "url": "https://github.com/vaclavvanik/soap-wsdl.git",
                "reference": "f6d408bea96f231ab9a1bd5438bf8e8c99010037"
            },
            "dist": {
                "type": "zip",
                "url": "https://api.github.com/repos/vaclavvanik/soap-wsdl/zipball/f6d408bea96f231ab9a1bd5438bf8e8c99010037",
                "reference": "f6d408bea96f231ab9a1bd5438bf8e8c99010037",
                "shasum": ""
            },
            "require": {
                "php": "^7.3 || ^8.0"
            },
            "type": "library",
            "extra": {
                "branch-alias": {
                    "dev-master": "0.2.x-dev"
                }
            },
            "autoload": {
                "psr-4": {
                    "VaclavVanik\\Soap\\Wsdl\\": "src/"
                }
            },
            "notification-url": "https://packagist.org/downloads/",
            "license": [
                "MIT"
            ],
            "authors": [
                {
                    "name": "Václav Vaník",
                    "email": "vaclav.vanik@gmail.com"
                }
            ],
            "description": "An easy way to handle WSDL data with zero dependencies",
            "homepage": "https://github.com/vaclavvanik/soap-wsdl",
            "keywords": [
                "soap",
                "wsdl"
            ],
            "support": {
                "issues": "https://github.com/vaclavvanik/soap-wsdl/issues",
                "source": "https://github.com/vaclavvanik/soap-wsdl/tree/0.1.0"
            },
            "time": "2021-12-02T09:23:19+00:00"
        }
    ],
    "packages-dev": [],
    "aliases": [],
    "minimum-stability": "stable",
    "stability-flags": [],
    "prefer-stable": false,
    "prefer-lowest": false,
    "platform": {
        "php": "^7.3 || ^8.0"
    },
    "platform-dev": [],
    "plugin-api-version": "2.1.0"
}
