{
    "_readme": [
        "This file locks the dependencies of your project to a known state",
        "Read more about it at https://getcomposer.org/doc/01-basic-usage.md#installing-dependencies",
        "This file is @generated automatically"
    ],
    "content-hash": "f269ff10fba98bbe5bfc6e21c440d353",
    "packages": [
        {
            "name": "vaclavvanik/soap-interpreter",
            "version": "1.0.0",
            "source": {
                "type": "git",
                "url": "https://github.com/vaclavvanik/soap-interpreter.git",
                "reference": "710a7debefad696f9541fd7333629bd64340bafd"
            },
            "dist": {
                "type": "zip",
                "url": "https://api.github.com/repos/vaclavvanik/soap-interpreter/zipball/710a7debefad696f9541fd7333629bd64340bafd",
                "reference": "710a7debefad696f9541fd7333629bd64340bafd",
                "shasum": ""
            },
            "require": {
                "ext-soap": "*",
                "php": "^7.3 || ^8.0",
                "vaclavvanik/soap-wsdl": "^1.0.0"
            },
            "type": "library",
            "extra": {
                "branch-alias": {
                    "dev-master": "1.0.x-dev"
                }
            },
            "autoload": {
                "psr-4": {
                    "VaclavVanik\\Soap\\Interpreter\\": "src/"
                }
            },
            "notification-url": "https://packagist.org/downloads/",
            "license": [
                "MIT"
            ],
            "authors": [
                {
                    "name": "Václav Vaník",
                    "email": "vaclav.vanik@gmail.com"
                }
            ],
            "description": "Interpreting of SOAP 1.1 and SOAP 1.2 messages",
            "homepage": "https://github.com/vaclavvanik/soap-interpreter",
            "keywords": [
                "request",
                "response",
                "soap",
                "wsdl"
            ],
            "support": {
                "issues": "https://github.com/vaclavvanik/soap-interpreter/issues",
                "source": "https://github.com/vaclavvanik/soap-interpreter/tree/1.0.0"
            },
            "time": "2022-12-06T09:49:50+00:00"
        },
        {
            "name": "vaclavvanik/soap-wsdl",
            "version": "1.0.0",
            "source": {
                "type": "git",
                "url": "https://github.com/vaclavvanik/soap-wsdl.git",
                "reference": "7b3bc9e28c3bfc1cb039157a156d110505045458"
            },
            "dist": {
                "type": "zip",
                "url": "https://api.github.com/repos/vaclavvanik/soap-wsdl/zipball/7b3bc9e28c3bfc1cb039157a156d110505045458",
                "reference": "7b3bc9e28c3bfc1cb039157a156d110505045458",
                "shasum": ""
            },
            "require": {
                "php": "^7.3 || ^8.0"
            },
            "type": "library",
            "extra": {
                "branch-alias": {
                    "dev-master": "1.0.x-dev"
                }
            },
            "autoload": {
                "psr-4": {
                    "VaclavVanik\\Soap\\Wsdl\\": "src/"
                }
            },
            "notification-url": "https://packagist.org/downloads/",
            "license": [
                "MIT"
            ],
            "authors": [
                {
                    "name": "Václav Vaník",
                    "email": "vaclav.vanik@gmail.com"
                }
            ],
            "description": "An easy way to handle WSDL data with zero dependencies",
            "homepage": "https://github.com/vaclavvanik/soap-wsdl",
            "keywords": [
                "soap",
                "wsdl"
            ],
            "support": {
                "issues": "https://github.com/vaclavvanik/soap-wsdl/issues",
                "source": "https://github.com/vaclavvanik/soap-wsdl/tree/1.0.0"
            },
            "time": "2022-12-05T13:38:59+00:00"
        }
    ],
    "packages-dev": [],
    "aliases": [],
    "minimum-stability": "stable",
    "stability-flags": [],
    "prefer-stable": false,
    "prefer-lowest": false,
    "platform": {
        "php": "^7.3 || ^8.0"
    },
    "platform-dev": [],
    "plugin-api-version": "2.3.0"
}
